
Microsoft Visual Studio Solution File, Format Version 12.00
# Visual Studio Version 17
VisualStudioVersion = 17.0.31903.59
MinimumVisualStudioVersion = 10.0.40219.1
Project("{2150E333-8FDC-42A3-9474-1A3956D46DE8}") = "src", "src", "{827E0CD3-B72D-47B6-A68D-7590B98EB39B}"
EndProject
Project("{FAE04EC0-301F-11D3-BF4B-00C04F79EFBC}") = "HomeCharts.Domain", "src\HomeCharts.Domain\HomeCharts.Domain.csproj", "{31F09360-4976-4BF9-97CB-838E2E9D565E}"
EndProject
Project("{FAE04EC0-301F-11D3-BF4B-00C04F79EFBC}") = "HomeCharts.Contracts", "src\HomeCharts.Contracts\HomeCharts.Contracts.csproj", "{6FF6E071-7475-4562-A100-396B23605965}"
EndProject
Project("{FAE04EC0-301F-11D3-BF4B-00C04F79EFBC}") = "HomeCharts.Application", "src\HomeCharts.Application\HomeCharts.Application.csproj", "{98E0C330-0677-44E8-9BBF-8B41EC83D411}"
EndProject
Project("{FAE04EC0-301F-11D3-BF4B-00C04F79EFBC}") = "HomeCharts.Infrastructure", "src\HomeCharts.Infrastructure\HomeCharts.Infrastructure.csproj", "{99AB3929-0C80-4FC0-A72C-8B6BC7E93BEC}"
EndProject
Project("{FAE04EC0-301F-11D3-BF4B-00C04F79EFBC}") = "HomeCharts.Presentation", "src\HomeCharts.Presentation\HomeCharts.Presentation.csproj", "{2DD6D56E-2BC6-477D-ACF8-0F27BCA88EF8}"
EndProject
Project("{FAE04EC0-301F-11D3-BF4B-00C04F79EFBC}") = "HomeCharts.App", "src\HomeCharts.App\HomeCharts.App.csproj", "{D397F89F-7245-4618-A85D-07E0F3384B7D}"
EndProject
Project("{FAE04EC0-301F-11D3-BF4B-00C04F79EFBC}") = "HomeCharts.Domain.Tests", "tests\HomeCharts.Domain.Tests\HomeCharts.Domain.Tests.csproj", "{10C7C4DC-D93D-4956-8734-9BB0A0C542CE}"
EndProject
Project("{FAE04EC0-301F-11D3-BF4B-00C04F79EFBC}") = "HomeCharts.Application.Tests", "tests\HomeCharts.Application.Tests\HomeCharts.Application.Tests.csproj", "{87E48BD9-AE7D-461A-BA09-3FD6491C893F}"
EndProject
Project("{FAE04EC0-301F-11D3-BF4B-00C04F79EFBC}") = "HomeCharts.Infrastructure.Tests", "tests\HomeCharts.Infrastructure.Tests\HomeCharts.Infrastructure.Tests.csproj", "{59239F43-B71B-46E8-830C-219348438D74}"
EndProject
Global
	GlobalSection(SolutionConfigurationPlatforms) = preSolution
		Debug|Any CPU = Debug|Any CPU
		Debug|x64 = Debug|x64
		Debug|x86 = Debug|x86
		Release|Any CPU = Release|Any CPU
		Release|x64 = Release|x64
		Release|x86 = Release|x86
	EndGlobalSection
	GlobalSection(ProjectConfigurationPlatforms) = postSolution
		{31F09360-4976-4BF9-97CB-838E2E9D565E}.Debug|Any CPU.ActiveCfg = Debug|Any CPU
		{31F09360-4976-4BF9-97CB-838E2E9D565E}.Debug|Any CPU.Build.0 = Debug|Any CPU
		{31F09360-4976-4BF9-97CB-838E2E9D565E}.Debug|x64.ActiveCfg = Debug|Any CPU
		{31F09360-4976-4BF9-97CB-838E2E9D565E}.Debug|x64.Build.0 = Debug|Any CPU
		{31F09360-4976-4BF9-97CB-838E2E9D565E}.Debug|x86.ActiveCfg = Debug|Any CPU
		{31F09360-4976-4BF9-97CB-838E2E9D565E}.Debug|x86.Build.0 = Debug|Any CPU
		{31F09360-4976-4BF9-97CB-838E2E9D565E}.Release|Any CPU.ActiveCfg = Release|Any CPU
		{31F09360-4976-4BF9-97CB-838E2E9D565E}.Release|Any CPU.Build.0 = Release|Any CPU
		{31F09360-4976-4BF9-97CB-838E2E9D565E}.Release|x64.ActiveCfg = Release|Any CPU
		{31F09360-4976-4BF9-97CB-838E2E9D565E}.Release|x64.Build.0 = Release|Any CPU
		{31F09360-4976-4BF9-97CB-838E2E9D565E}.Release|x86.ActiveCfg = Release|Any CPU
		{31F09360-4976-4BF9-97CB-838E2E9D565E}.Release|x86.Build.0 = Release|Any CPU
		{6FF6E071-7475-4562-A100-396B23605965}.Debug|Any CPU.ActiveCfg = Debug|Any CPU
		{6FF6E071-7475-4562-A100-396B23605965}.Debug|Any CPU.Build.0 = Debug|Any CPU
		{6FF6E071-7475-4562-A100-396B23605965}.Debug|x64.ActiveCfg = Debug|Any CPU
		{6FF6E071-7475-4562-A100-396B23605965}.Debug|x64.Build.0 = Debug|Any CPU
		{6FF6E071-7475-4562-A100-396B23605965}.Debug|x86.ActiveCfg = Debug|Any CPU
		{6FF6E071-7475-4562-A100-396B23605965}.Debug|x86.Build.0 = Debug|Any CPU
		{6FF6E071-7475-4562-A100-396B23605965}.Release|Any CPU.ActiveCfg = Release|Any CPU
		{6FF6E071-7475-4562-A100-396B23605965}.Release|Any CPU.Build.0 = Release|Any CPU
		{6FF6E071-7475-4562-A100-396B23605965}.Release|x64.ActiveCfg = Release|Any CPU
		{6FF6E071-7475-4562-A100-396B23605965}.Release|x64.Build.0 = Release|Any CPU
		{6FF6E071-7475-4562-A100-396B23605965}.Release|x86.ActiveCfg = Release|Any CPU
		{6FF6E071-7475-4562-A100-396B23605965}.Release|x86.Build.0 = Release|Any CPU
		{98E0C330-0677-44E8-9BBF-8B41EC83D411}.Debug|Any CPU.ActiveCfg = Debug|Any CPU
		{98E0C330-0677-44E8-9BBF-8B41EC83D411}.Debug|Any CPU.Build.0 = Debug|Any CPU
		{98E0C330-0677-44E8-9BBF-8B41EC83D411}.Debug|x64.ActiveCfg = Debug|Any CPU
		{98E0C330-0677-44E8-9BBF-8B41EC83D411}.Debug|x64.Build.0 = Debug|Any CPU
		{98E0C330-0677-44E8-9BBF-8B41EC83D411}.Debug|x86.ActiveCfg = Debug|Any CPU
		{98E0C330-0677-44E8-9BBF-8B41EC83D411}.Debug|x86.Build.0 = Debug|Any CPU
		{98E0C330-0677-44E8-9BBF-8B41EC83D411}.Release|Any CPU.ActiveCfg = Release|Any CPU
		{98E0C330-0677-44E8-9BBF-8B41EC83D411}.Release|Any CPU.Build.0 = Release|Any CPU
		{98E0C330-0677-44E8-9BBF-8B41EC83D411}.Release|x64.ActiveCfg = Release|Any CPU
		{98E0C330-0677-44E8-9BBF-8B41EC83D411}.Release|x64.Build.0 = Release|Any CPU
		{98E0C330-0677-44E8-9BBF-8B41EC83D411}.Release|x86.ActiveCfg = Release|Any CPU
		{98E0C330-0677-44E8-9BBF-8B41EC83D411}.Release|x86.Build.0 = Release|Any CPU
		{99AB3929-0C80-4FC0-A72C-8B6BC7E93BEC}.Debug|Any CPU.ActiveCfg = Debug|Any CPU
		{99AB3929-0C80-4FC0-A72C-8B6BC7E93BEC}.Debug|Any CPU.Build.0 = Debug|Any CPU
		{99AB3929-0C80-4FC0-A72C-8B6BC7E93BEC}.Debug|x64.ActiveCfg = Debug|Any CPU
		{99AB3929-0C80-4FC0-A72C-8B6BC7E93BEC}.Debug|x64.Build.0 = Debug|Any CPU
		{99AB3929-0C80-4FC0-A72C-8B6BC7E93BEC}.Debug|x86.ActiveCfg = Debug|Any CPU
		{99AB3929-0C80-4FC0-A72C-8B6BC7E93BEC}.Debug|x86.Build.0 = Debug|Any CPU
		{99AB3929-0C80-4FC0-A72C-8B6BC7E93BEC}.Release|Any CPU.ActiveCfg = Release|Any CPU
		{99AB3929-0C80-4FC0-A72C-8B6BC7E93BEC}.Release|Any CPU.Build.0 = Release|Any CPU
		{99AB3929-0C80-4FC0-A72C-8B6BC7E93BEC}.Release|x64.ActiveCfg = Release|Any CPU
		{99AB3929-0C80-4FC0-A72C-8B6BC7E93BEC}.Release|x64.Build.0 = Release|Any CPU
		{99AB3929-0C80-4FC0-A72C-8B6BC7E93BEC}.Release|x86.ActiveCfg = Release|Any CPU
		{99AB3929-0C80-4FC0-A72C-8B6BC7E93BEC}.Release|x86.Build.0 = Release|Any CPU
		{2DD6D56E-2BC6-477D-ACF8-0F27BCA88EF8}.Debug|Any CPU.ActiveCfg = Debug|Any CPU
		{2DD6D56E-2BC6-477D-ACF8-0F27BCA88EF8}.Debug|Any CPU.Build.0 = Debug|Any CPU
		{2DD6D56E-2BC6-477D-ACF8-0F27BCA88EF8}.Debug|x64.ActiveCfg = Debug|Any CPU
		{2DD6D56E-2BC6-477D-ACF8-0F27BCA88EF8}.Debug|x64.Build.0 = Debug|Any CPU
		{2DD6D56E-2BC6-477D-ACF8-0F27BCA88EF8}.Debug|x86.ActiveCfg = Debug|Any CPU
		{2DD6D56E-2BC6-477D-ACF8-0F27BCA88EF8}.Debug|x86.Build.0 = Debug|Any CPU
		{2DD6D56E-2BC6-477D-ACF8-0F27BCA88EF8}.Release|Any CPU.ActiveCfg = Release|Any CPU
		{2DD6D56E-2BC6-477D-ACF8-0F27BCA88EF8}.Release|Any CPU.Build.0 = Release|Any CPU
		{2DD6D56E-2BC6-477D-ACF8-0F27BCA88EF8}.Release|x64.ActiveCfg = Release|Any CPU
		{2DD6D56E-2BC6-477D-ACF8-0F27BCA88EF8}.Release|x64.Build.0 = Release|Any CPU
		{2DD6D56E-2BC6-477D-ACF8-0F27BCA88EF8}.Release|x86.ActiveCfg = Release|Any CPU
		{2DD6D56E-2BC6-477D-ACF8-0F27BCA88EF8}.Release|x86.Build.0 = Release|Any CPU
		{D397F89F-7245-4618-A85D-07E0F3384B7D}.Debug|Any CPU.ActiveCfg = Debug|Any CPU
		{D397F89F-7245-4618-A85D-07E0F3384B7D}.Debug|Any CPU.Build.0 = Debug|Any CPU
		{D397F89F-7245-4618-A85D-07E0F3384B7D}.Debug|x64.ActiveCfg = Debug|Any CPU
		{D397F89F-7245-4618-A85D-07E0F3384B7D}.Debug|x64.Build.0 = Debug|Any CPU
		{D397F89F-7245-4618-A85D-07E0F3384B7D}.Debug|x86.ActiveCfg = Debug|Any CPU
		{D397F89F-7245-4618-A85D-07E0F3384B7D}.Debug|x86.Build.0 = Debug|Any CPU
		{D397F89F-7245-4618-A85D-07E0F3384B7D}.Release|Any CPU.ActiveCfg = Release|Any CPU
		{D397F89F-7245-4618-A85D-07E0F3384B7D}.Release|Any CPU.Build.0 = Release|Any CPU
		{D397F89F-7245-4618-A85D-07E0F3384B7D}.Release|x64.ActiveCfg = Release|Any CPU
		{D397F89F-7245-4618-A85D-07E0F3384B7D}.Release|x64.Build.0 = Release|Any CPU
		{D397F89F-7245-4618-A85D-07E0F3384B7D}.Release|x86.ActiveCfg = Release|Any CPU
		{D397F89F-7245-4618-A85D-07E0F3384B7D}.Release|x86.Build.0 = Release|Any CPU
		{10C7C4DC-D93D-4956-8734-9BB0A0C542CE}.Debug|Any CPU.ActiveCfg = Debug|Any CPU
		{10C7C4DC-D93D-4956-8734-9BB0A0C542CE}.Debug|Any CPU.Build.0 = Debug|Any CPU
		{10C7C4DC-D93D-4956-8734-9BB0A0C542CE}.Debug|x64.ActiveCfg = Debug|Any CPU
		{10C7C4DC-D93D-4956-8734-9BB0A0C542CE}.Debug|x64.Build.0 = Debug|Any CPU
		{10C7C4DC-D93D-4956-8734-9BB0A0C542CE}.Debug|x86.ActiveCfg = Debug|Any CPU
		{10C7C4DC-D93D-4956-8734-9BB0A0C542CE}.Debug|x86.Build.0 = Debug|Any CPU
		{10C7C4DC-D93D-4956-8734-9BB0A0C542CE}.Release|Any CPU.ActiveCfg = Release|Any CPU
		{10C7C4DC-D93D-4956-8734-9BB0A0C542CE}.Release|Any CPU.Build.0 = Release|Any CPU
		{10C7C4DC-D93D-4956-8734-9BB0A0C542CE}.Release|x64.ActiveCfg = Release|Any CPU
		{10C7C4DC-D93D-4956-8734-9BB0A0C542CE}.Release|x64.Build.0 = Release|Any CPU
		{10C7C4DC-D93D-4956-8734-9BB0A0C542CE}.Release|x86.ActiveCfg = Release|Any CPU
		{10C7C4DC-D93D-4956-8734-9BB0A0C542CE}.Release|x86.Build.0 = Release|Any CPU
		{87E48BD9-AE7D-461A-BA09-3FD6491C893F}.Debug|Any CPU.ActiveCfg = Debug|Any CPU
		{87E48BD9-AE7D-461A-BA09-3FD6491C893F}.Debug|Any CPU.Build.0 = Debug|Any CPU
		{87E48BD9-AE7D-461A-BA09-3FD6491C893F}.Debug|x64.ActiveCfg = Debug|Any CPU
		{87E48BD9-AE7D-461A-BA09-3FD6491C893F}.Debug|x64.Build.0 = Debug|Any CPU
		{87E48BD9-AE7D-461A-BA09-3FD6491C893F}.Debug|x86.ActiveCfg = Debug|Any CPU
		{87E48BD9-AE7D-461A-BA09-3FD6491C893F}.Debug|x86.Build.0 = Debug|Any CPU
		{87E48BD9-AE7D-461A-BA09-3FD6491C893F}.Release|Any CPU.ActiveCfg = Release|Any CPU
		{87E48BD9-AE7D-461A-BA09-3FD6491C893F}.Release|Any CPU.Build.0 = Release|Any CPU
		{87E48BD9-AE7D-461A-BA09-3FD6491C893F}.Release|x64.ActiveCfg = Release|Any CPU
		{87E48BD9-AE7D-461A-BA09-3FD6491C893F}.Release|x64.Build.0 = Release|Any CPU
		{87E48BD9-AE7D-461A-BA09-3FD6491C893F}.Release|x86.ActiveCfg = Release|Any CPU
		{87E48BD9-AE7D-461A-BA09-3FD6491C893F}.Release|x86.Build.0 = Release|Any CPU
		{59239F43-B71B-46E8-830C-219348438D74}.Debug|Any CPU.ActiveCfg = Debug|Any CPU
		{59239F43-B71B-46E8-830C-219348438D74}.Debug|Any CPU.Build.0 = Debug|Any CPU
		{59239F43-B71B-46E8-830C-219348438D74}.Debug|x64.ActiveCfg = Debug|Any CPU
		{59239F43-B71B-46E8-830C-219348438D74}.Debug|x64.Build.0 = Debug|Any CPU
		{59239F43-B71B-46E8-830C-219348438D74}.Debug|x86.ActiveCfg = Debug|Any CPU
		{59239F43-B71B-46E8-830C-219348438D74}.Debug|x86.Build.0 = Debug|Any CPU
		{59239F43-B71B-46E8-830C-219348438D74}.Release|Any CPU.ActiveCfg = Release|Any CPU
		{59239F43-B71B-46E8-830C-219348438D74}.Release|Any CPU.Build.0 = Release|Any CPU
		{59239F43-B71B-46E8-830C-219348438D74}.Release|x64.ActiveCfg = Release|Any CPU
		{59239F43-B71B-46E8-830C-219348438D74}.Release|x64.Build.0 = Release|Any CPU
		{59239F43-B71B-46E8-830C-219348438D74}.Release|x86.ActiveCfg = Release|Any CPU
		{59239F43-B71B-46E8-830C-219348438D74}.Release|x86.Build.0 = Release|Any CPU
	EndGlobalSection
	GlobalSection(SolutionProperties) = preSolution
		HideSolutionNode = FALSE
	EndGlobalSection
	GlobalSection(NestedProjects) = preSolution
		{31F09360-4976-4BF9-97CB-838E2E9D565E} = {827E0CD3-B72D-47B6-A68D-7590B98EB39B}
		{6FF6E071-7475-4562-A100-396B23605965} = {827E0CD3-B72D-47B6-A68D-7590B98EB39B}
		{98E0C330-0677-44E8-9BBF-8B41EC83D411} = {827E0CD3-B72D-47B6-A68D-7590B98EB39B}
		{99AB3929-0C80-4FC0-A72C-8B6BC7E93BEC} = {827E0CD3-B72D-47B6-A68D-7590B98EB39B}
		{2DD6D56E-2BC6-477D-ACF8-0F27BCA88EF8} = {827E0CD3-B72D-47B6-A68D-7590B98EB39B}
		{D397F89F-7245-4618-A85D-07E0F3384B7D} = {827E0CD3-B72D-47B6-A68D-7590B98EB39B}
		{10C7C4DC-D93D-4956-8734-9BB0A0C542CE} = {827E0CD3-B72D-47B6-A68D-7590B98EB39B}
		{87E48BD9-AE7D-461A-BA09-3FD6491C893F} = {827E0CD3-B72D-47B6-A68D-7590B98EB39B}
		{59239F43-B71B-46E8-830C-219348438D74} = {827E0CD3-B72D-47B6-A68D-7590B98EB39B}
	EndGlobalSection
EndGlobal
